
Microsoft Visual Studio Solution File, Format Version 12.00
# Visual Studio Version 17
VisualStudioVersion = 17.14.36109.1 d17.14
MinimumVisualStudioVersion = 10.0.40219.1
Project("{FAE04EC0-301F-11D3-BF4B-00C04F79EFBC}") = "GenericLauncher", "GenericLauncher\GenericLauncher.csproj", "{179746D0-8098-4679-BBE6-2A5846EF6D05}"
EndProject
Global
	GlobalSection(SolutionConfigurationPlatforms) = preSolution
		Debug|Any CPU = Debug|Any CPU
		Release|Any CPU = Release|Any CPU
	EndGlobalSection
	GlobalSection(ProjectConfigurationPlatforms) = postSolution
		{179746D0-8098-4679-BBE6-2A5846EF6D05}.Debug|Any CPU.ActiveCfg = Debug|Any CPU
		{179746D0-8098-4679-BBE6-2A5846EF6D05}.Debug|Any CPU.Build.0 = Debug|Any CPU
		{179746D0-8098-4679-BBE6-2A5846EF6D05}.Release|Any CPU.ActiveCfg = Release|Any CPU
		{179746D0-8098-4679-BBE6-2A5846EF6D05}.Release|Any CPU.Build.0 = Release|Any CPU
	EndGlobalSection
	GlobalSection(SolutionProperties) = preSolution
		HideSolutionNode = FALSE
	EndGlobalSection
	GlobalSection(ExtensibilityGlobals) = postSolution
		SolutionGuid = {C32B2DC3-7697-486D-AD57-D0948C2C6038}
	EndGlobalSection
EndGlobal
